
Microsoft Visual Studio Solution File, Format Version 12.00
# Visual Studio 15
VisualStudioVersion = 15.0.27703.2042
MinimumVisualStudioVersion = 10.0.40219.1
Project("{FAE04EC0-301F-11D3-BF4B-00C04F79EFBC}") = "para2", "para2\para2.csproj", "{C818CDEC-BC9B-4129-B25F-A0B602FAB19A}"
EndProject
Global
	GlobalSection(SolutionConfigurationPlatforms) = preSolution
		Debug|Any CPU = Debug|Any CPU
		Release|Any CPU = Release|Any CPU
	EndGlobalSection
	GlobalSection(ProjectConfigurationPlatforms) = postSolution
		{C818CDEC-BC9B-4129-B25F-A0B602FAB19A}.Debug|Any CPU.ActiveCfg = Debug|Any CPU
		{C818CDEC-BC9B-4129-B25F-A0B602FAB19A}.Debug|Any CPU.Build.0 = Debug|Any CPU
		{C818CDEC-BC9B-4129-B25F-A0B602FAB19A}.Release|Any CPU.ActiveCfg = Release|Any CPU
		{C818CDEC-BC9B-4129-B25F-A0B602FAB19A}.Release|Any CPU.Build.0 = Release|Any CPU
	EndGlobalSection
	GlobalSection(SolutionProperties) = preSolution
		HideSolutionNode = FALSE
	EndGlobalSection
	GlobalSection(ExtensibilityGlobals) = postSolution
		SolutionGuid = {76B9F622-AC24-4841-9298-5A1424FF1843}
	EndGlobalSection
EndGlobal
